Microsoft Visual Studio Solution File, Format Version 12.00
# Visual Studio Version 17
VisualStudioVersion = 17.5.2.0
MinimumVisualStudioVersion = 10.0.40219.1
Project("{FAE04EC0-301F-11D3-BF4B-00C04F79EFBC}") = "MyMathGame2", "MyMathGame2.csproj", "{17DD9E07-0202-11E2-8AB9-B0097D7F46AD}"
EndProject
Global
	GlobalSection(SolutionConfigurationPlatforms) = preSolution
		Debug|Any CPU = Debug|Any CPU
		Release|Any CPU = Release|Any CPU
	EndGlobalSection
	GlobalSection(ProjectConfigurationPlatforms) = postSolution
		{17DD9E07-0202-11E2-8AB9-B0097D7F46AD}.Debug|Any CPU.ActiveCfg = Debug|Any CPU
		{17DD9E07-0202-11E2-8AB9-B0097D7F46AD}.Debug|Any CPU.Build.0 = Debug|Any CPU
		{17DD9E07-0202-11E2-8AB9-B0097D7F46AD}.Release|Any CPU.ActiveCfg = Release|Any CPU
		{17DD9E07-0202-11E2-8AB9-B0097D7F46AD}.Release|Any CPU.Build.0 = Release|Any CPU
	EndGlobalSection
	GlobalSection(SolutionProperties) = preSolution
		HideSolutionNode = FALSE
	EndGlobalSection
	GlobalSection(ExtensibilityGlobals) = postSolution
		SolutionGuid = {F5A3BCA2-277D-42EF-922C-1CDF7B3726C9}
	EndGlobalSection
EndGlobal
